
Microsoft Visual Studio Solution File, Format Version 12.00
# Visual Studio Version 16
VisualStudioVersion = 16.0.31005.135
MinimumVisualStudioVersion = 10.0.40219.1
Project("{FAE04EC0-301F-11D3-BF4B-00C04F79EFBC}") = "SKReleaseNotes0.3.1", "SKReleaseNotes0.3.1.csproj", "{387326B9-6803-4DE3-8D34-344E565D0E8D}"
EndProject
Global
	GlobalSection(SolutionConfigurationPlatforms) = preSolution
		Debug|Any CPU = Debug|Any CPU
		Release|Any CPU = Release|Any CPU
	EndGlobalSection
	GlobalSection(ProjectConfigurationPlatforms) = postSolution
		{387326B9-6803-4DE3-8D34-344E565D0E8D}.Debug|Any CPU.ActiveCfg = Debug|Any CPU
		{387326B9-6803-4DE3-8D34-344E565D0E8D}.Debug|Any CPU.Build.0 = Debug|Any CPU
		{387326B9-6803-4DE3-8D34-344E565D0E8D}.Release|Any CPU.ActiveCfg = Release|Any CPU
		{387326B9-6803-4DE3-8D34-344E565D0E8D}.Release|Any CPU.Build.0 = Release|Any CPU
	EndGlobalSection
	GlobalSection(SolutionProperties) = preSolution
		HideSolutionNode = FALSE
	EndGlobalSection
	GlobalSection(ExtensibilityGlobals) = postSolution
		SolutionGuid = {A04E620F-4130-442C-89EB-E7EBC027D40E}
	EndGlobalSection
EndGlobal
